
Microsoft Visual Studio Solution File, Format Version 12.00
# Visual Studio Version 16
VisualStudioVersion = 16.0.30330.147
MinimumVisualStudioVersion = 10.0.40219.1
Project("{FAE04EC0-301F-11D3-BF4B-00C04F79EFBC}") = "Sueldo Quincenal", "Sueldo Quincenal.csproj", "{10C3C5BF-52D4-4EFF-9CBB-32B40CE1119E}"
EndProject
Global
	GlobalSection(SolutionConfigurationPlatforms) = preSolution
		Debug|Any CPU = Debug|Any CPU
		Release|Any CPU = Release|Any CPU
	EndGlobalSection
	GlobalSection(ProjectConfigurationPlatforms) = postSolution
		{10C3C5BF-52D4-4EFF-9CBB-32B40CE1119E}.Debug|Any CPU.ActiveCfg = Debug|Any CPU
		{10C3C5BF-52D4-4EFF-9CBB-32B40CE1119E}.Debug|Any CPU.Build.0 = Debug|Any CPU
		{10C3C5BF-52D4-4EFF-9CBB-32B40CE1119E}.Release|Any CPU.ActiveCfg = Release|Any CPU
		{10C3C5BF-52D4-4EFF-9CBB-32B40CE1119E}.Release|Any CPU.Build.0 = Release|Any CPU
	EndGlobalSection
	GlobalSection(SolutionProperties) = preSolution
		HideSolutionNode = FALSE
	EndGlobalSection
	GlobalSection(ExtensibilityGlobals) = postSolution
		SolutionGuid = {8ACE434A-4210-4D27-8FC3-00B5F25C52A7}
	EndGlobalSection
EndGlobal
